// !$*UTF8*$!
{
	archiveVersion = 1;
	classes = {
	};
	objectVersion = 50;
	objects = {

/* Begin PBXBuildFile section */
		6223097325974B9A008B5E4B /* Pie.swift in Sources */ = {isa = PBXBuildFile; fileRef = 6223097225974B9A008B5E4B /* Pie.swift */; };
		6223097825977BD3008B5E4B /* Cardify.swift in Sources */ = {isa = PBXBuildFile; fileRef = 6223097725977BD3008B5E4B /* Cardify.swift */; };
		62545619256DFB230024980F /* MemorizeApp.swift in Sources */ = {isa = PBXBuildFile; fileRef = 62545618256DFB230024980F /* MemorizeApp.swift */; };
		6254561B256DFB230024980F /* EmojiMemoryGameView.swift in Sources */ = {isa = PBXBuildFile; fileRef = 6254561A256DFB230024980F /* EmojiMemoryGameView.swift */; };
		6254561D256DFB240024980F /* Assets.xcassets in Resources */ = {isa = PBXBuildFile; fileRef = 6254561C256DFB240024980F /* Assets.xcassets */; };
		62545620256DFB240024980F /* Preview Assets.xcassets in Resources */ = {isa = PBXBuildFile; fileRef = 6254561F256DFB240024980F /* Preview Assets.xcassets */; };
		62545625256DFB240024980F /* Memorize.xcdatamodeld in Sources */ = {isa = PBXBuildFile; fileRef = 62545623256DFB240024980F /* Memorize.xcdatamodeld */; };
		62545630256DFB240024980F /* MemorizeTests.swift in Sources */ = {isa = PBXBuildFile; fileRef = 6254562F256DFB240024980F /* MemorizeTests.swift */; };
		6254563B256DFB240024980F /* MemorizeUITests.swift in Sources */ = {isa = PBXBuildFile; fileRef = 6254563A256DFB240024980F /* MemorizeUITests.swift */; };
		6283D710256F9E200064312E /* MemoryGame.swift in Sources */ = {isa = PBXBuildFile; fileRef = 6283D70F256F9E200064312E /* MemoryGame.swift */; };
		6283D718256FA0E80064312E /* EmojiMemoryGame.swift in Sources */ = {isa = PBXBuildFile; fileRef = 6283D717256FA0E80064312E /* EmojiMemoryGame.swift */; };
		62A1B323257B748400C0CE12 /* Grid.swift in Sources */ = {isa = PBXBuildFile; fileRef = 62A1B322257B748400C0CE12 /* Grid.swift */; };
		62A1B32B257B822200C0CE12 /* GridLayout.swift in Sources */ = {isa = PBXBuildFile; fileRef = 62A1B32A257B822200C0CE12 /* GridLayout.swift */; };
		62A1B333257B86EE00C0CE12 /* Array+Identifiable.swift in Sources */ = {isa = PBXBuildFile; fileRef = 62A1B332257B86EE00C0CE12 /* Array+Identifiable.swift */; };
		62A1B33B257C658B00C0CE12 /* Array+Only.swift in Sources */ = {isa = PBXBuildFile; fileRef = 62A1B33A257C658B00C0CE12 /* Array+Only.swift */; };
/* End PBXBuildFile section */

/* Begin PBXContainerItemProxy section */
		6254562C256DFB240024980F /* PBXContainerItemProxy */ = {
			isa = PBXContainerItemProxy;
			containerPortal = 6254560D256DFB230024980F /* Project object */;
			proxyType = 1;
			remoteGlobalIDString = 62545614256DFB230024980F;
			remoteInfo = Memorize;
		};
		62545637256DFB240024980F /* PBXContainerItemProxy */ = {
			isa = PBXContainerItemProxy;
			containerPortal = 6254560D256DFB230024980F /* Project object */;
			proxyType = 1;
			remoteGlobalIDString = 62545614256DFB230024980F;
			remoteInfo = Memorize;
		};
/* End PBXContainerItemProxy section */

/* Begin PBXFileReference section */
		6223097225974B9A008B5E4B /* Pie.swift */ = {isa = PBXFileReference; lastKnownFileType = sourcecode.swift; path = Pie.swift; sourceTree = "<group>"; };
		6223097725977BD3008B5E4B /* Cardify.swift */ = {isa = PBXFileReference; lastKnownFileType = sourcecode.swift; path = Cardify.swift; sourceTree = "<group>"; };
		62545615256DFB230024980F /* Memorize.app */ = {isa = PBXFileReference; explicitFileType = wrapper.application; includeInIndex = 0; path = Memorize.app; sourceTree = BUILT_PRODUCTS_DIR; };
		62545618256DFB230024980F /* MemorizeApp.swift */ = {isa = PBXFileReference; lastKnownFileType = sourcecode.swift; path = MemorizeApp.swift; sourceTree = "<group>"; };
		6254561A256DFB230024980F /* EmojiMemoryGameView.swift */ = {isa = PBXFileReference; lastKnownFileType = sourcecode.swift; path = EmojiMemoryGameView.swift; sourceTree = "<group>"; };
		6254561C256DFB240024980F /* Assets.xcassets */ = {isa = PBXFileReference; lastKnownFileType = folder.assetcatalog; path = Assets.xcassets; sourceTree = "<group>"; };
		6254561F256DFB240024980F /* Preview Assets.xcassets */ = {isa = PBXFileReference; lastKnownFileType = folder.assetcatalog; path = "Preview Assets.xcassets"; sourceTree = "<group>"; };
		62545624256DFB240024980F /* Memorize.xcdatamodel */ = {isa = PBXFileReference; lastKnownFileType = wrapper.xcdatamodel; path = Memorize.xcdatamodel; sourceTree = "<group>"; };
		62545626256DFB240024980F /* Info.plist */ = {isa = PBXFileReference; lastKnownFileType = text.plist.xml; path = Info.plist; sourceTree = "<group>"; };
		6254562B256DFB240024980F /* MemorizeTests.xctest */ = {isa = PBXFileReference; explicitFileType = wrapper.cfbundle; includeInIndex = 0; path = MemorizeTests.xctest; sourceTree = BUILT_PRODUCTS_DIR; };
		6254562F256DFB240024980F /* MemorizeTests.swift */ = {isa = PBXFileReference; lastKnownFileType = sourcecode.swift; path = MemorizeTests.swift; sourceTree = "<group>"; };
		62545631256DFB240024980F /* Info.plist */ = {isa = PBXFileReference; lastKnownFileType = text.plist.xml; path = Info.plist; sourceTree = "<group>"; };
		62545636256DFB240024980F /* MemorizeUITests.xctest */ = {isa = PBXFileReference; explicitFileType = wrapper.cfbundle; includeInIndex = 0; path = MemorizeUITests.xctest; sourceTree = BUILT_PRODUCTS_DIR; };
		6254563A256DFB240024980F /* MemorizeUITests.swift */ = {isa = PBXFileReference; lastKnownFileType = sourcecode.swift; path = MemorizeUITests.swift; sourceTree = "<group>"; };
		6254563C256DFB240024980F /* Info.plist */ = {isa = PBXFileReference; lastKnownFileType = text.plist.xml; path = Info.plist; sourceTree = "<group>"; };
		6283D70F256F9E200064312E /* MemoryGame.swift */ = {isa = PBXFileReference; lastKnownFileType = sourcecode.swift; path = MemoryGame.swift; sourceTree = "<group>"; };
		6283D717256FA0E80064312E /* EmojiMemoryGame.swift */ = {isa = PBXFileReference; lastKnownFileType = sourcecode.swift; path = EmojiMemoryGame.swift; sourceTree = "<group>"; };
		62A1B322257B748400C0CE12 /* Grid.swift */ = {isa = PBXFileReference; lastKnownFileType = sourcecode.swift; path = Grid.swift; sourceTree = "<group>"; };
		62A1B32A257B822200C0CE12 /* GridLayout.swift */ = {isa = PBXFileReference; fileEncoding = 4; lastKnownFileType = sourcecode.swift; path = GridLayout.swift; sourceTree = "<group>"; };
		62A1B332257B86EE00C0CE12 /* Array+Identifiable.swift */ = {isa = PBXFileReference; lastKnownFileType = sourcecode.swift; path = "Array+Identifiable.swift"; sourceTree = "<group>"; };
		62A1B33A257C658B00C0CE12 /* Array+Only.swift */ = {isa = PBXFileReference; lastKnownFileType = sourcecode.swift; path = "Array+Only.swift"; sourceTree = "<group>"; };
/* End PBXFileReference section */

/* Begin PBXFrameworksBuildPhase section */
		62545612256DFB230024980F /* Frameworks */ = {
			isa = PBXFrameworksBuildPhase;
			buildActionMask = 2147483647;
			files = (
			);
			runOnlyForDeploymentPostprocessing = 0;
		};
		62545628256DFB240024980F /* Frameworks */ = {
			isa = PBXFrameworksBuildPhase;
			buildActionMask = 2147483647;
			files = (
			);
			runOnlyForDeploymentPostprocessing = 0;
		};
		62545633256DFB240024980F /* Frameworks */ = {
			isa = PBXFrameworksBuildPhase;
			buildActionMask = 2147483647;
			files = (
			);
			runOnlyForDeploymentPostprocessing = 0;
		};
/* End PBXFrameworksBuildPhase section */

/* Begin PBXGroup section */
		6254560C256DFB230024980F = {
			isa = PBXGroup;
			children = (
				62545617256DFB230024980F /* Memorize */,
				6254562E256DFB240024980F /* MemorizeTests */,
				62545639256DFB240024980F /* MemorizeUITests */,
				62545616256DFB230024980F /* Products */,
			);
			sourceTree = "<group>";
		};
		62545616256DFB230024980F /* Products */ = {
			isa = PBXGroup;
			children = (
				62545615256DFB230024980F /* Memorize.app */,
				6254562B256DFB240024980F /* MemorizeTests.xctest */,
				62545636256DFB240024980F /* MemorizeUITests.xctest */,
			);
			name = Products;
			sourceTree = "<group>";
		};
		62545617256DFB230024980F /* Memorize */ = {
			isa = PBXGroup;
			children = (
				62545618256DFB230024980F /* MemorizeApp.swift */,
				6254561A256DFB230024980F /* EmojiMemoryGameView.swift */,
				6283D717256FA0E80064312E /* EmojiMemoryGame.swift */,
				6283D70F256F9E200064312E /* MemoryGame.swift */,
				6223097725977BD3008B5E4B /* Cardify.swift */,
				6223097225974B9A008B5E4B /* Pie.swift */,
				62A1B322257B748400C0CE12 /* Grid.swift */,
				62A1B32A257B822200C0CE12 /* GridLayout.swift */,
				62A1B332257B86EE00C0CE12 /* Array+Identifiable.swift */,
				62A1B33A257C658B00C0CE12 /* Array+Only.swift */,
				6254561C256DFB240024980F /* Assets.xcassets */,
				62545626256DFB240024980F /* Info.plist */,
				62545623256DFB240024980F /* Memorize.xcdatamodeld */,
				6254561E256DFB240024980F /* Preview Content */,
			);
			path = Memorize;
			sourceTree = "<group>";
		};
		6254561E256DFB240024980F /* Preview Content */ = {
			isa = PBXGroup;
			children = (
				6254561F256DFB240024980F /* Preview Assets.xcassets */,
			);
			path = "Preview Content";
			sourceTree = "<group>";
		};
		6254562E256DFB240024980F /* MemorizeTests */ = {
			isa = PBXGroup;
			children = (
				6254562F256DFB240024980F /* MemorizeTests.swift */,
				62545631256DFB240024980F /* Info.plist */,
			);
			path = MemorizeTests;
			sourceTree = "<group>";
		};
		62545639256DFB240024980F /* MemorizeUITests */ = {
			isa = PBXGroup;
			children = (
				6254563A256DFB240024980F /* MemorizeUITests.swift */,
				6254563C256DFB240024980F /* Info.plist */,
			);
			path = MemorizeUITests;
			sourceTree = "<group>";
		};
/* End PBXGroup section */

/* Begin PBXNativeTarget section */
		62545614256DFB230024980F /* Memorize */ = {
			isa = PBXNativeTarget;
			buildConfigurationList = 6254563F256DFB240024980F /* Build configuration list for PBXNativeTarget "Memorize" */;
			buildPhases = (
				62545611256DFB230024980F /* Sources */,
				62545612256DFB230024980F /* Frameworks */,
				62545613256DFB230024980F /* Resources */,
			);
			buildRules = (
			);
			dependencies = (
			);
			name = Memorize;
			productName = Memorize;
			productReference = 62545615256DFB230024980F /* Memorize.app */;
			productType = "com.apple.product-type.application";
		};
		6254562A256DFB240024980F /* MemorizeTests */ = {
			isa = PBXNativeTarget;
			buildConfigurationList = 62545642256DFB240024980F /* Build configuration list for PBXNativeTarget "MemorizeTests" */;
			buildPhases = (
				62545627256DFB240024980F /* Sources */,
				62545628256DFB240024980F /* Frameworks */,
				62545629256DFB240024980F /* Resources */,
			);
			buildRules = (
			);
			dependencies = (
				6254562D256DFB240024980F /* PBXTargetDependency */,
			);
			name = MemorizeTests;
			productName = MemorizeTests;
			productReference = 6254562B256DFB240024980F /* MemorizeTests.xctest */;
			productType = "com.apple.product-type.bundle.unit-test";
		};
		62545635256DFB240024980F /* MemorizeUITests */ = {
			isa = PBXNativeTarget;
			buildConfigurationList = 62545645256DFB240024980F /* Build configuration list for PBXNativeTarget "MemorizeUITests" */;
			buildPhases = (
				62545632256DFB240024980F /* Sources */,
				62545633256DFB240024980F /* Frameworks */,
				62545634256DFB240024980F /* Resources */,
			);
			buildRules = (
			);
			dependencies = (
				62545638256DFB240024980F /* PBXTargetDependency */,
			);
			name = MemorizeUITests;
			productName = MemorizeUITests;
			productReference = 62545636256DFB240024980F /* MemorizeUITests.xctest */;
			productType = "com.apple.product-type.bundle.ui-testing";
		};
/* End PBXNativeTarget section */

/* Begin PBXProject section */
		6254560D256DFB230024980F /* Project object */ = {
			isa = PBXProject;
			attributes = {
				LastSwiftUpdateCheck = 1220;
				LastUpgradeCheck = 1220;
				TargetAttributes = {
					62545614256DFB230024980F = {
						CreatedOnToolsVersion = 12.2;
					};
					6254562A256DFB240024980F = {
						CreatedOnToolsVersion = 12.2;
						TestTargetID = 62545614256DFB230024980F;
					};
					62545635256DFB240024980F = {
						CreatedOnToolsVersion = 12.2;
						TestTargetID = 62545614256DFB230024980F;
					};
				};
			};
			buildConfigurationList = 62545610256DFB230024980F /* Build configuration list for PBXProject "Memorize" */;
			compatibilityVersion = "Xcode 9.3";
			developmentRegion = en;
			hasScannedForEncodings = 0;
			knownRegions = (
				en,
				Base,
			);
			mainGroup = 6254560C256DFB230024980F;
			productRefGroup = 62545616256DFB230024980F /* Products */;
			projectDirPath = "";
			projectRoot = "";
			targets = (
				62545614256DFB230024980F /* Memorize */,
				6254562A256DFB240024980F /* MemorizeTests */,
				62545635256DFB240024980F /* MemorizeUITests */,
			);
		};
/* End PBXProject section */

/* Begin PBXResourcesBuildPhase section */
		62545613256DFB230024980F /* Resources */ = {
			isa = PBXResourcesBuildPhase;
			buildActionMask = 2147483647;
			files = (
				62545620256DFB240024980F /* Preview Assets.xcassets in Resources */,
				6254561D256DFB240024980F /* Assets.xcassets in Resources */,
			);
			runOnlyForDeploymentPostprocessing = 0;
		};
		62545629256DFB240024980F /* Resources */ = {
			isa = PBXResourcesBuildPhase;
			buildActionMask = 2147483647;
			files = (
			);
			runOnlyForDeploymentPostprocessing = 0;
		};
		62545634256DFB240024980F /* Resources */ = {
			isa = PBXResourcesBuildPhase;
			buildActionMask = 2147483647;
			files = (
			);
			runOnlyForDeploymentPostprocessing = 0;
		};
/* End PBXResourcesBuildPhase section */

/* Begin PBXSourcesBuildPhase section */
		62545611256DFB230024980F /* Sources */ = {
			isa = PBXSourcesBuildPhase;
			buildActionMask = 2147483647;
			files = (
				6223097825977BD3008B5E4B /* Cardify.swift in Sources */,
				6223097325974B9A008B5E4B /* Pie.swift in Sources */,
				62545625256DFB240024980F /* Memorize.xcdatamodeld in Sources */,
				6283D710256F9E200064312E /* MemoryGame.swift in Sources */,
				6254561B256DFB230024980F /* EmojiMemoryGameView.swift in Sources */,
				62A1B33B257C658B00C0CE12 /* Array+Only.swift in Sources */,
				62545619256DFB230024980F /* MemorizeApp.swift in Sources */,
				6283D718256FA0E80064312E /* EmojiMemoryGame.swift in Sources */,
				62A1B333257B86EE00C0CE12 /* Array+Identifiable.swift in Sources */,
				62A1B32B257B822200C0CE12 /* GridLayout.swift in Sources */,
				62A1B323257B748400C0CE12 /* Grid.swift in Sources */,
			);
			runOnlyForDeploymentPostprocessing = 0;
		};
		62545627256DFB240024980F /* Sources */ = {
			isa = PBXSourcesBuildPhase;
			buildActionMask = 2147483647;
			files = (
				62545630256DFB240024980F /* MemorizeTests.swift in Sources */,
			);
			runOnlyForDeploymentPostprocessing = 0;
		};
		62545632256DFB240024980F /* Sources */ = {
			isa = PBXSourcesBuildPhase;
			buildActionMask = 2147483647;
			files = (
				6254563B256DFB240024980F /* MemorizeUITests.swift in Sources */,
			);
			runOnlyForDeploymentPostprocessing = 0;
		};
/* End PBXSourcesBuildPhase section */

/* Begin PBXTargetDependency section */
		6254562D256DFB240024980F /* PBXTargetDependency */ = {
			isa = PBXTargetDependency;
			target = 62545614256DFB230024980F /* Memorize */;
			targetProxy = 6254562C256DFB240024980F /* PBXContainerItemProxy */;
		};
		62545638256DFB240024980F /* PBXTargetDependency */ = {
			isa = PBXTargetDependency;
			target = 62545614256DFB230024980F /* Memorize */;
			targetProxy = 62545637256DFB240024980F /* PBXContainerItemProxy */;
		};
/* End PBXTargetDependency section */

/* Begin XCBuildConfiguration section */
		6254563D256DFB240024980F /* Debug */ = {
			isa = XCBuildConfiguration;
			buildSettings = {
				ALWAYS_SEARCH_USER_PATHS = NO;
				CLANG_ANALYZER_NONNULL = YES;
				CLANG_ANALYZER_NUMBER_OBJECT_CONVERSION = YES_AGGRESSIVE;
				CLANG_CXX_LANGUAGE_STANDARD = "gnu++14";
				CLANG_CXX_LIBRARY = "libc++";
				CLANG_ENABLE_MODULES = YES;
				CLANG_ENABLE_OBJC_ARC = YES;
				CLANG_ENABLE_OBJC_WEAK = YES;
				CLANG_WARN_BLOCK_CAPTURE_AUTORELEASING = YES;
				CLANG_WARN_BOOL_CONVERSION = YES;
				CLANG_WARN_COMMA = YES;
				CLANG_WARN_CONSTANT_CONVERSION = YES;
				CLANG_WARN_DEPRECATED_OBJC_IMPLEMENTATIONS = YES;
				CLANG_WARN_DIRECT_OBJC_ISA_USAGE = YES_ERROR;
				CLANG_WARN_DOCUMENTATION_COMMENTS = YES;
				CLANG_WARN_EMPTY_BODY = YES;
				CLANG_WARN_ENUM_CONVERSION = YES;
				CLANG_WARN_INFINITE_RECURSION = YES;
				CLANG_WARN_INT_CONVERSION = YES;
				CLANG_WARN_NON_LITERAL_NULL_CONVERSION = YES;
				CLANG_WARN_OBJC_IMPLICIT_RETAIN_SELF = YES;
				CLANG_WARN_OBJC_LITERAL_CONVERSION = YES;
				CLANG_WARN_OBJC_ROOT_CLASS = YES_ERROR;
				CLANG_WARN_QUOTED_INCLUDE_IN_FRAMEWORK_HEADER = YES;
				CLANG_WARN_RANGE_LOOP_ANALYSIS = YES;
				CLANG_WARN_STRICT_PROTOTYPES = YES;
				CLANG_WARN_SUSPICIOUS_MOVE = YES;
				CLANG_WARN_UNGUARDED_AVAILABILITY = YES_AGGRESSIVE;
				CLANG_WARN_UNREACHABLE_CODE = YES;
				CLANG_WARN__DUPLICATE_METHOD_MATCH = YES;
				COPY_PHASE_STRIP = NO;
				DEBUG_INFORMATION_FORMAT = dwarf;
				ENABLE_STRICT_OBJC_MSGSEND = YES;
				ENABLE_TESTABILITY = YES;
				GCC_C_LANGUAGE_STANDARD = gnu11;
				GCC_DYNAMIC_NO_PIC = NO;
				GCC_NO_COMMON_BLOCKS = YES;
				GCC_OPTIMIZATION_LEVEL = 0;
				GCC_PREPROCESSOR_DEFINITIONS = (
					"DEBUG=1",
					"$(inherited)",
				);
				GCC_WARN_64_TO_32_BIT_CONVERSION = YES;
				GCC_WARN_ABOUT_RETURN_TYPE = YES_ERROR;
				GCC_WARN_UNDECLARED_SELECTOR = YES;
				GCC_WARN_UNINITIALIZED_AUTOS = YES_AGGRESSIVE;
				GCC_WARN_UNUSED_FUNCTION = YES;
				GCC_WARN_UNUSED_VARIABLE = YES;
				IPHONEOS_DEPLOYMENT_TARGET = 14.2;
				MTL_ENABLE_DEBUG_INFO = INCLUDE_SOURCE;
				MTL_FAST_MATH = YES;
				ONLY_ACTIVE_ARCH = YES;
				SDKROOT = iphoneos;
				SWIFT_ACTIVE_COMPILATION_CONDITIONS = DEBUG;
				SWIFT_OPTIMIZATION_LEVEL = "-Onone";
			};
			name = Debug;
		};
		6254563E256DFB240024980F /* Release */ = {
			isa = XCBuildConfiguration;
			buildSettings = {
				ALWAYS_SEARCH_USER_PATHS = NO;
				CLANG_ANALYZER_NONNULL = YES;
				CLANG_ANALYZER_NUMBER_OBJECT_CONVERSION = YES_AGGRESSIVE;
				CLANG_CXX_LANGUAGE_STANDARD = "gnu++14";
				CLANG_CXX_LIBRARY = "libc++";
				CLANG_ENABLE_MODULES = YES;
				CLANG_ENABLE_OBJC_ARC = YES;
				CLANG_ENABLE_OBJC_WEAK = YES;
				CLANG_WARN_BLOCK_CAPTURE_AUTORELEASING = YES;
				CLANG_WARN_BOOL_CONVERSION = YES;
				CLANG_WARN_COMMA = YES;
				CLANG_WARN_CONSTANT_CONVERSION = YES;
				CLANG_WARN_DEPRECATED_OBJC_IMPLEMENTATIONS = YES;
				CLANG_WARN_DIRECT_OBJC_ISA_USAGE = YES_ERROR;
				CLANG_WARN_DOCUMENTATION_COMMENTS = YES;
				CLANG_WARN_EMPTY_BODY = YES;
				CLANG_WARN_ENUM_CONVERSION = YES;
				CLANG_WARN_INFINITE_RECURSION = YES;
				CLANG_WARN_INT_CONVERSION = YES;
				CLANG_WARN_NON_LITERAL_NULL_CONVERSION = YES;
				CLANG_WARN_OBJC_IMPLICIT_RETAIN_SELF = YES;
				CLANG_WARN_OBJC_LITERAL_CONVERSION = YES;
				CLANG_WARN_OBJC_ROOT_CLASS = YES_ERROR;
				CLANG_WARN_QUOTED_INCLUDE_IN_FRAMEWORK_HEADER = YES;
				CLANG_WARN_RANGE_LOOP_ANALYSIS = YES;
				CLANG_WARN_STRICT_PROTOTYPES = YES;
				CLANG_WARN_SUSPICIOUS_MOVE = YES;
				CLANG_WARN_UNGUARDED_AVAILABILITY = YES_AGGRESSIVE;
				CLANG_WARN_UNREACHABLE_CODE = YES;
				CLANG_WARN__DUPLICATE_METHOD_MATCH = YES;
				COPY_PHASE_STRIP = NO;
				DEBUG_INFORMATION_FORMAT = "dwarf-with-dsym";
				ENABLE_NS_ASSERTIONS = NO;
				ENABLE_STRICT_OBJC_MSGSEND = YES;
				GCC_C_LANGUAGE_STANDARD = gnu11;
				GCC_NO_COMMON_BLOCKS = YES;
				GCC_WARN_64_TO_32_BIT_CONVERSION = YES;
				GCC_WARN_ABOUT_RETURN_TYPE = YES_ERROR;
				GCC_WARN_UNDECLARED_SELECTOR = YES;
				GCC_WARN_UNINITIALIZED_AUTOS = YES_AGGRESSIVE;
				GCC_WARN_UNUSED_FUNCTION = YES;
				GCC_WARN_UNUSED_VARIABLE = YES;
				IPHONEOS_DEPLOYMENT_TARGET = 14.2;
				MTL_ENABLE_DEBUG_INFO = NO;
				MTL_FAST_MATH = YES;
				SDKROOT = iphoneos;
				SWIFT_COMPILATION_MODE = wholemodule;
				SWIFT_OPTIMIZATION_LEVEL = "-O";
				VALIDATE_PRODUCT = YES;
			};
			name = Release;
		};
		62545640256DFB240024980F /* Debug */ = {
			isa = XCBuildConfiguration;
			buildSettings = {
				ASSETCATALOG_COMPILER_APPICON_NAME = AppIcon;
				ASSETCATALOG_COMPILER_GLOBAL_ACCENT_COLOR_NAME = AccentColor;
				CODE_SIGN_STYLE = Automatic;
				DEVELOPMENT_ASSET_PATHS = "\"Memorize/Preview Content\"";
				DEVELOPMENT_TEAM = UR6X4CRK5E;
				ENABLE_PREVIEWS = YES;
				INFOPLIST_FILE = Memorize/Info.plist;
				IPHONEOS_DEPLOYMENT_TARGET = 14.0;
				LD_RUNPATH_SEARCH_PATHS = (
					"$(inherited)",
					"@executable_path/Frameworks",
				);
				PRODUCT_BUNDLE_IDENTIFIER = com.elecoxy.stanford.cs193p.Memorize;
				PRODUCT_NAME = "$(TARGET_NAME)";
				SWIFT_VERSION = 5.0;
				TARGETED_DEVICE_FAMILY = "1,2";
			};
			name = Debug;
		};
		62545641256DFB240024980F /* Release */ = {
			isa = XCBuildConfiguration;
			buildSettings = {
				ASSETCATALOG_COMPILER_APPICON_NAME = AppIcon;
				ASSETCATALOG_COMPILER_GLOBAL_ACCENT_COLOR_NAME = AccentColor;
				CODE_SIGN_STYLE = Automatic;
				DEVELOPMENT_ASSET_PATHS = "\"Memorize/Preview Content\"";
				DEVELOPMENT_TEAM = UR6X4CRK5E;
				ENABLE_PREVIEWS = YES;
				INFOPLIST_FILE = Memorize/Info.plist;
				IPHONEOS_DEPLOYMENT_TARGET = 14.0;
				LD_RUNPATH_SEARCH_PATHS = (
					"$(inherited)",
					"@executable_path/Frameworks",
				);
				PRODUCT_BUNDLE_IDENTIFIER = com.elecoxy.stanford.cs193p.Memorize;
				PRODUCT_NAME = "$(TARGET_NAME)";
				SWIFT_VERSION = 5.0;
				TARGETED_DEVICE_FAMILY = "1,2";
			};
			name = Release;
		};
		62545643256DFB240024980F /* Debug */ = {
			isa = XCBuildConfiguration;
			buildSettings = {
				ALWAYS_EMBED_SWIFT_STANDARD_LIBRARIES = YES;
				BUNDLE_LOADER = "$(TEST_HOST)";
				CODE_SIGN_STYLE = Automatic;
				DEVELOPMENT_TEAM = UR6X4CRK5E;
				INFOPLIST_FILE = MemorizeTests/Info.plist;
				IPHONEOS_DEPLOYMENT_TARGET = 14.0;
				LD_RUNPATH_SEARCH_PATHS = (
					"$(inherited)",
					"@executable_path/Frameworks",
					"@loader_path/Frameworks",
				);
				PRODUCT_BUNDLE_IDENTIFIER = com.elecoxy.stanford.cs193p.MemorizeTests;
				PRODUCT_NAME = "$(TARGET_NAME)";
				SWIFT_VERSION = 5.0;
				TARGETED_DEVICE_FAMILY = "1,2";
				TEST_HOST = "$(BUILT_PRODUCTS_DIR)/Memorize.app/Memorize";
			};
			name = Debug;
		};
		62545644256DFB240024980F /* Release */ = {
			isa = XCBuildConfiguration;
			buildSettings = {
				ALWAYS_EMBED_SWIFT_STANDARD_LIBRARIES = YES;
				BUNDLE_LOADER = "$(TEST_HOST)";
				CODE_SIGN_STYLE = Automatic;
				DEVELOPMENT_TEAM = UR6X4CRK5E;
				INFOPLIST_FILE = MemorizeTests/Info.plist;
				IPHONEOS_DEPLOYMENT_TARGET = 14.0;
				LD_RUNPATH_SEARCH_PATHS = (
					"$(inherited)",
					"@executable_path/Frameworks",
					"@loader_path/Frameworks",
				);
				PRODUCT_BUNDLE_IDENTIFIER = com.elecoxy.stanford.cs193p.MemorizeTests;
				PRODUCT_NAME = "$(TARGET_NAME)";
				SWIFT_VERSION = 5.0;
				TARGETED_DEVICE_FAMILY = "1,2";
				TEST_HOST = "$(BUILT_PRODUCTS_DIR)/Memorize.app/Memorize";
			};
			name = Release;
		};
		62545646256DFB240024980F /* Debug */ = {
			isa = XCBuildConfiguration;
			buildSettings = {
				ALWAYS_EMBED_SWIFT_STANDARD_LIBRARIES = YES;
				CODE_SIGN_STYLE = Automatic;
				DEVELOPMENT_TEAM = UR6X4CRK5E;
				INFOPLIST_FILE = MemorizeUITests/Info.plist;
				LD_RUNPATH_SEARCH_PATHS = (
					"$(inherited)",
					"@executable_path/Frameworks",
					"@loader_path/Frameworks",
				);
				PRODUCT_BUNDLE_IDENTIFIER = com.elecoxy.stanford.cs193p.MemorizeUITests;
				PRODUCT_NAME = "$(TARGET_NAME)";
				SWIFT_VERSION = 5.0;
				TARGETED_DEVICE_FAMILY = "1,2";
				TEST_TARGET_NAME = Memorize;
			};
			name = Debug;
		};
		62545647256DFB240024980F /* Release */ = {
			isa = XCBuildConfiguration;
			buildSettings = {
				ALWAYS_EMBED_SWIFT_STANDARD_LIBRARIES = YES;
				CODE_SIGN_STYLE = Automatic;
				DEVELOPMENT_TEAM = UR6X4CRK5E;
				INFOPLIST_FILE = MemorizeUITests/Info.plist;
				LD_RUNPATH_SEARCH_PATHS = (
					"$(inherited)",
					"@executable_path/Frameworks",
					"@loader_path/Frameworks",
				);
				PRODUCT_BUNDLE_IDENTIFIER = com.elecoxy.stanford.cs193p.MemorizeUITests;
				PRODUCT_NAME = "$(TARGET_NAME)";
				SWIFT_VERSION = 5.0;
				TARGETED_DEVICE_FAMILY = "1,2";
				TEST_TARGET_NAME = Memorize;
			};
			name = Release;
		};
/* End XCBuildConfiguration section */

/* Begin XCConfigurationList section */
		62545610256DFB230024980F /* Build configuration list for PBXProject "Memorize" */ = {
			isa = XCConfigurationList;
			buildConfigurations = (
				6254563D256DFB240024980F /* Debug */,
				6254563E256DFB240024980F /* Release */,
			);
			defaultConfigurationIsVisible = 0;
			defaultConfigurationName = Release;
		};
		6254563F256DFB240024980F /* Build configuration list for PBXNativeTarget "Memorize" */ = {
			isa = XCConfigurationList;
			buildConfigurations = (
				62545640256DFB240024980F /* Debug */,
				62545641256DFB240024980F /* Release */,
			);
			defaultConfigurationIsVisible = 0;
			defaultConfigurationName = Release;
		};
		62545642256DFB240024980F /* Build configuration list for PBXNativeTarget "MemorizeTests" */ = {
			isa = XCConfigurationList;
			buildConfigurations = (
				62545643256DFB240024980F /* Debug */,
				62545644256DFB240024980F /* Release */,
			);
			defaultConfigurationIsVisible = 0;
			defaultConfigurationName = Release;
		};
		62545645256DFB240024980F /* Build configuration list for PBXNativeTarget "MemorizeUITests" */ = {
			isa = XCConfigurationList;
			buildConfigurations = (
				62545646256DFB240024980F /* Debug */,
				62545647256DFB240024980F /* Release */,
			);
			defaultConfigurationIsVisible = 0;
			defaultConfigurationName = Release;
		};
/* End XCConfigurationList section */

/* Begin XCVersionGroup section */
		62545623256DFB240024980F /* Memorize.xcdatamodeld */ = {
			isa = XCVersionGroup;
			children = (
				62545624256DFB240024980F /* Memorize.xcdatamodel */,
			);
			currentVersion = 62545624256DFB240024980F /* Memorize.xcdatamodel */;
			path = Memorize.xcdatamodeld;
			sourceTree = "<group>";
			versionGroupType = wrapper.xcdatamodel;
		};
/* End XCVersionGroup section */
	};
	rootObject = 6254560D256DFB230024980F /* Project object */;
}
